<?xml version="1.0" encoding="utf-8"?>
<Project ToolsVersion="4.0" xmlns="http://schemas.microsoft.com/developer/msbuild/2003">
  <ItemGroup>
    <Filter Include="Source Files">
      <UniqueIdentifier>{4FC737F1-C7A5-4376-A066-2A32D752A2FF}</UniqueIdentifier>
      <Extensions>cpp;c;cc;cxx;def;odl;idl;hpj;bat;asm;asmx</Extensions>
    </Filter>
    <Filter Include="Header Files">
      <UniqueIdentifier>{93995380-89BD-4b04-88EB-625FBE52EBFB}</UniqueIdentifier>
      <Extensions>h;hpp;hxx;hm;inl;inc;xsd</Extensions>
    </Filter>
    <Filter Include="Resource Files">
      <UniqueIdentifier>{67DA6AB6-F800-4c08-8B7A-83BB121AAD01}</UniqueIdentifier>
      <Extensions>rc;ico;cur;bmp;dlg;rc2;rct;bin;rgs;gif;jpg;jpeg;jpe;resx;tiff;tif;png;wav</Extensions>
    </Filter>
  </ItemGroup>
  <ItemGroup>
    <ClCompile Include="src\ug\githash.cpp">
      <Filter>Source Files</Filter>
    </ClCompile>
    <ClCompile Include="src\ug\gzstream.cpp">
      <Filter>Source Files</Filter>
    </ClCompile>
    <ClCompile Include="src\ug\paraCalculationStateMpi.cpp">
      <Filter>Source Files</Filter>
    </ClCompile>
    <ClCompile Include="src\ug\paraCalculationStateTh.cpp">
      <Filter>Source Files</Filter>
    </ClCompile>
    <ClCompile Include="src\ug\paraCommCPP11.cpp">
      <Filter>Source Files</Filter>
    </ClCompile>
    <ClCompile Include="src\ug\paraCommMpi.cpp">
      <Filter>Source Files</Filter>
    </ClCompile>
    <ClCompile Include="src\ug\paraCommPth.cpp">
      <Filter>Source Files</Filter>
    </ClCompile>
    <ClCompile Include="src\ug\paraLoadCoordinator.cpp">
      <Filter>Source Files</Filter>
    </ClCompile>
    <ClCompile Include="src\ug\paraLoadCoordinatorTerminationState.cpp">
      <Filter>Source Files</Filter>
    </ClCompile>
    <ClCompile Include="src\ug\paraNode.cpp">
      <Filter>Source Files</Filter>
    </ClCompile>
    <ClCompile Include="src\ug\paraNodeMpi.cpp">
      <Filter>Source Files</Filter>
    </ClCompile>
    <ClCompile Include="src\ug\paraNodeTh.cpp">
      <Filter>Source Files</Filter>
    </ClCompile>
    <ClCompile Include="src\ug\paraParamSet.cpp">
      <Filter>Source Files</Filter>
    </ClCompile>
    <ClCompile Include="src\ug\paraParamSetMpi.cpp">
      <Filter>Source Files</Filter>
    </ClCompile>
    <ClCompile Include="src\ug\paraSolver.cpp">
      <Filter>Source Files</Filter>
    </ClCompile>
    <ClCompile Include="src\ug\paraSolverPool.cpp">
      <Filter>Source Files</Filter>
    </ClCompile>
    <ClCompile Include="src\ug\paraSolverStateMpi.cpp">
      <Filter>Source Files</Filter>
    </ClCompile>
    <ClCompile Include="src\ug\paraSolverStateTh.cpp">
      <Filter>Source Files</Filter>
    </ClCompile>
    <ClCompile Include="src\ug\paraSolverTerminationState.cpp">
      <Filter>Source Files</Filter>
    </ClCompile>
    <ClCompile Include="src\ug\paraSolverTerminationStateMpi.cpp">
      <Filter>Source Files</Filter>
    </ClCompile>
    <ClCompile Include="src\ug\paraSolverTerminationStateTh.cpp">
      <Filter>Source Files</Filter>
    </ClCompile>
    <ClCompile Include="src\ug\paraSysTimer.cpp">
      <Filter>Source Files</Filter>
    </ClCompile>
    <ClCompile Include="src\ug\paraTimerMpi.cpp">
      <Filter>Source Files</Filter>
    </ClCompile>
    <ClCompile Include="src\ug\uggithash.cpp">
      <Filter>Source Files</Filter>
    </ClCompile>
    <ClCompile Include="src\ug_scip\fscip.cpp">
      <Filter>Source Files</Filter>
    </ClCompile>
    <ClCompile Include="src\ug_scip\parascip.cpp">
      <Filter>Source Files</Filter>
    </ClCompile>
    <ClCompile Include="src\ug_scip\scipDefaultUserPlugins.cpp">
      <Filter>Source Files</Filter>
    </ClCompile>
    <ClCompile Include="src\ug_scip\scipDiffParamSet.cpp">
      <Filter>Source Files</Filter>
    </ClCompile>
    <ClCompile Include="src\ug_scip\scipDiffParamSetMpi.cpp">
      <Filter>Source Files</Filter>
    </ClCompile>
    <ClCompile Include="src\ug_scip\scipDiffParamSetTh.cpp">
      <Filter>Source Files</Filter>
    </ClCompile>
    <ClCompile Include="src\ug_scip\scipParaCommMpi.cpp">
      <Filter>Source Files</Filter>
    </ClCompile>
    <ClCompile Include="src\ug_scip\scipParaCommTh.cpp">
      <Filter>Source Files</Filter>
    </ClCompile>
    <ClCompile Include="src\ug_scip\scipParaDiffSubproblem.cpp">
      <Filter>Source Files</Filter>
    </ClCompile>
    <ClCompile Include="src\ug_scip\scipParaDiffSubproblemMpi.cpp">
      <Filter>Source Files</Filter>
    </ClCompile>
    <ClCompile Include="src\ug_scip\scipParaInitialStat.cpp">
      <Filter>Source Files</Filter>
    </ClCompile>
    <ClCompile Include="src\ug_scip\scipParaInitialStatMpi.cpp">
      <Filter>Source Files</Filter>
    </ClCompile>
    <ClCompile Include="src\ug_scip\scipParaInitialStatTh.cpp">
      <Filter>Source Files</Filter>
    </ClCompile>
    <ClCompile Include="src\ug_scip\scipParaInitiator.cpp">
      <Filter>Source Files</Filter>
    </ClCompile>
    <ClCompile Include="src\ug_scip\scipParaInstance.cpp">
      <Filter>Source Files</Filter>
    </ClCompile>
    <ClCompile Include="src\ug_scip\scipParaInstanceMpi.cpp">
      <Filter>Source Files</Filter>
    </ClCompile>
    <ClCompile Include="src\ug_scip\scipParaInstanceTh.cpp">
      <Filter>Source Files</Filter>
    </ClCompile>
    <ClCompile Include="src\ug_scip\scipParaObjBranchRule.cpp">
      <Filter>Source Files</Filter>
    </ClCompile>
    <ClCompile Include="src\ug_scip\scipParaObjCommPointHdlr.cpp">
      <Filter>Source Files</Filter>
    </ClCompile>
    <ClCompile Include="src\ug_scip\scipParaObjMessageHdlr.cpp">
      <Filter>Source Files</Filter>
    </ClCompile>
    <ClCompile Include="src\ug_scip\scipParaObjNodesel.cpp">
      <Filter>Source Files</Filter>
    </ClCompile>
    <ClCompile Include="src\ug_scip\scipParaRacingRampUpParamSet.cpp">
      <Filter>Source Files</Filter>
    </ClCompile>
    <ClCompile Include="src\ug_scip\scipParaRacingRampUpParamSetMpi.cpp">
      <Filter>Source Files</Filter>
    </ClCompile>
    <ClCompile Include="src\ug_scip\scipParaRacingRampUpParamSetTh.cpp">
      <Filter>Source Files</Filter>
    </ClCompile>
    <ClCompile Include="src\ug_scip\scipParaSolution.cpp">
      <Filter>Source Files</Filter>
    </ClCompile>
    <ClCompile Include="src\ug_scip\scipParaSolutionMpi.cpp">
      <Filter>Source Files</Filter>
    </ClCompile>
    <ClCompile Include="src\ug_scip\scipParaSolutionTh.cpp">
      <Filter>Source Files</Filter>
    </ClCompile>
    <ClCompile Include="src\ug_scip\scipParaSolver.cpp">
      <Filter>Source Files</Filter>
    </ClCompile>
    <ClCompile Include="ug_scip_applications\misdp\src\misdp_plugins.cpp">
      <Filter>Source Files</Filter>
    </ClCompile>
    <ClCompile Include="ug_scip_applications\stp\src\stp_plugins.cpp">
      <Filter>Source Files</Filter>
    </ClCompile>
  </ItemGroup>
  <ItemGroup>
    <ClInclude Include="src\ug\gzstream.h">
      <Filter>Header Files</Filter>
    </ClInclude>
    <ClInclude Include="src\ug\paraCalculationState.h">
      <Filter>Header Files</Filter>
    </ClInclude>
    <ClInclude Include="src\ug\paraCalculationStateMpi.h">
      <Filter>Header Files</Filter>
    </ClInclude>
    <ClInclude Include="src\ug\paraCalculationStateTh.h">
      <Filter>Header Files</Filter>
    </ClInclude>
    <ClInclude Include="src\ug\paraComm.h">
      <Filter>Header Files</Filter>
    </ClInclude>
    <ClInclude Include="src\ug\paraCommCPP11.h">
      <Filter>Header Files</Filter>
    </ClInclude>
    <ClInclude Include="src\ug\paraCommMpi.h">
      <Filter>Header Files</Filter>
    </ClInclude>
    <ClInclude Include="src\ug\paraCommPth.h">
      <Filter>Header Files</Filter>
    </ClInclude>
    <ClInclude Include="src\ug\paraDef.h">
      <Filter>Header Files</Filter>
    </ClInclude>
    <ClInclude Include="src\ug\paraDeterministicTimer.h">
      <Filter>Header Files</Filter>
    </ClInclude>
    <ClInclude Include="src\ug\paraDiffSubproblem.h">
      <Filter>Header Files</Filter>
    </ClInclude>
    <ClInclude Include="src\ug\paraInitialStat.h">
      <Filter>Header Files</Filter>
    </ClInclude>
    <ClInclude Include="src\ug\paraInitiator.h">
      <Filter>Header Files</Filter>
    </ClInclude>
    <ClInclude Include="src\ug\paraInstance.h">
      <Filter>Header Files</Filter>
    </ClInclude>
    <ClInclude Include="src\ug\paraLoadCoordinator.h">
      <Filter>Header Files</Filter>
    </ClInclude>
    <ClInclude Include="src\ug\paraLoadCoordinatorTerminationState.h">
      <Filter>Header Files</Filter>
    </ClInclude>
    <ClInclude Include="src\ug\paraMergeNodesStructs.h">
      <Filter>Header Files</Filter>
    </ClInclude>
    <ClInclude Include="src\ug\paraNode.h">
      <Filter>Header Files</Filter>
    </ClInclude>
    <ClInclude Include="src\ug\paraNodeMpi.h">
      <Filter>Header Files</Filter>
    </ClInclude>
    <ClInclude Include="src\ug\paraNodePool.h">
      <Filter>Header Files</Filter>
    </ClInclude>
    <ClInclude Include="src\ug\paraNodeTh.h">
      <Filter>Header Files</Filter>
    </ClInclude>
    <ClInclude Include="src\ug\paraParamSet.h">
      <Filter>Header Files</Filter>
    </ClInclude>
    <ClInclude Include="src\ug\paraParamSetMpi.h">
      <Filter>Header Files</Filter>
    </ClInclude>
    <ClInclude Include="src\ug\paraParamSetTh.h">
      <Filter>Header Files</Filter>
    </ClInclude>
    <ClInclude Include="src\ug\paraPthCondVar.h">
      <Filter>Header Files</Filter>
    </ClInclude>
    <ClInclude Include="src\ug\paraPthLock.h">
      <Filter>Header Files</Filter>
    </ClInclude>
    <ClInclude Include="src\ug\paraRacingRampUpParamSet.h">
      <Filter>Header Files</Filter>
    </ClInclude>
    <ClInclude Include="src\ug\paraSolution.h">
      <Filter>Header Files</Filter>
    </ClInclude>
    <ClInclude Include="src\ug\paraSolver.h">
      <Filter>Header Files</Filter>
    </ClInclude>
    <ClInclude Include="src\ug\paraSolverPool.h">
      <Filter>Header Files</Filter>
    </ClInclude>
    <ClInclude Include="src\ug\paraSolverState.h">
      <Filter>Header Files</Filter>
    </ClInclude>
    <ClInclude Include="src\ug\paraSolverStateMpi.h">
      <Filter>Header Files</Filter>
    </ClInclude>
    <ClInclude Include="src\ug\paraSolverStateTh.h">
      <Filter>Header Files</Filter>
    </ClInclude>
    <ClInclude Include="src\ug\paraSolverTerminationState.h">
      <Filter>Header Files</Filter>
    </ClInclude>
    <ClInclude Include="src\ug\paraSolverTerminationStateMpi.h">
      <Filter>Header Files</Filter>
    </ClInclude>
    <ClInclude Include="src\ug\paraSolverTerminationStateTh.h">
      <Filter>Header Files</Filter>
    </ClInclude>
    <ClInclude Include="src\ug\paraSysTimer.h">
      <Filter>Header Files</Filter>
    </ClInclude>
    <ClInclude Include="src\ug\paraTagDef.h">
      <Filter>Header Files</Filter>
    </ClInclude>
    <ClInclude Include="src\ug\paraTagDefMpi.h">
      <Filter>Header Files</Filter>
    </ClInclude>
    <ClInclude Include="src\ug\paraTagDefTh.h">
      <Filter>Header Files</Filter>
    </ClInclude>
    <ClInclude Include="src\ug\paraTimeLimitMonitorTh.h">
      <Filter>Header Files</Filter>
    </ClInclude>
    <ClInclude Include="src\ug\paraTimer.h">
      <Filter>Header Files</Filter>
    </ClInclude>
    <ClInclude Include="src\ug\paraTimerMpi.h">
      <Filter>Header Files</Filter>
    </ClInclude>
    <ClInclude Include="src\ug\paraTimerTh.h">
      <Filter>Header Files</Filter>
    </ClInclude>
    <ClInclude Include="src\ug\uggithash.h">
      <Filter>Header Files</Filter>
    </ClInclude>
    <ClInclude Include="src\ug_scip\scipDiffParamSet.h">
      <Filter>Header Files</Filter>
    </ClInclude>
    <ClInclude Include="src\ug_scip\scipDiffParamSetMpi.h">
      <Filter>Header Files</Filter>
    </ClInclude>
    <ClInclude Include="src\ug_scip\scipDiffParamSetTh.h">
      <Filter>Header Files</Filter>
    </ClInclude>
    <ClInclude Include="src\ug_scip\scipParaComm.h">
      <Filter>Header Files</Filter>
    </ClInclude>
    <ClInclude Include="src\ug_scip\scipParaCommMpi.h">
      <Filter>Header Files</Filter>
    </ClInclude>
    <ClInclude Include="src\ug_scip\scipParaCommTh.h">
      <Filter>Header Files</Filter>
    </ClInclude>
    <ClInclude Include="src\ug_scip\scipParaDeterministicTimer.h">
      <Filter>Header Files</Filter>
    </ClInclude>
    <ClInclude Include="src\ug_scip\scipParaDiffSubproblem.h">
      <Filter>Header Files</Filter>
    </ClInclude>
    <ClInclude Include="src\ug_scip\scipParaDiffSubproblemMpi.h">
      <Filter>Header Files</Filter>
    </ClInclude>
    <ClInclude Include="src\ug_scip\scipParaDiffSubproblemTh.h">
      <Filter>Header Files</Filter>
    </ClInclude>
    <ClInclude Include="src\ug_scip\scipParaInitialStat.h">
      <Filter>Header Files</Filter>
    </ClInclude>
    <ClInclude Include="src\ug_scip\scipParaInitialStatMpi.h">
      <Filter>Header Files</Filter>
    </ClInclude>
    <ClInclude Include="src\ug_scip\scipParaInitialStatTh.h">
      <Filter>Header Files</Filter>
    </ClInclude>
    <ClInclude Include="src\ug_scip\scipParaInitiator.h">
      <Filter>Header Files</Filter>
    </ClInclude>
    <ClInclude Include="src\ug_scip\scipParaInstance.h">
      <Filter>Header Files</Filter>
    </ClInclude>
    <ClInclude Include="src\ug_scip\scipParaInstanceMpi.h">
      <Filter>Header Files</Filter>
    </ClInclude>
    <ClInclude Include="src\ug_scip\scipParaInstanceTh.h">
      <Filter>Header Files</Filter>
    </ClInclude>
    <ClInclude Include="src\ug_scip\scipParaObjBranchRule.h">
      <Filter>Header Files</Filter>
    </ClInclude>
    <ClInclude Include="src\ug_scip\scipParaObjCommPointHdlr.h">
      <Filter>Header Files</Filter>
    </ClInclude>
    <ClInclude Include="src\ug_scip\scipParaObjMessageHdlr.h">
      <Filter>Header Files</Filter>
    </ClInclude>
    <ClInclude Include="src\ug_scip\scipParaObjNodesel.h">
      <Filter>Header Files</Filter>
    </ClInclude>
    <ClInclude Include="src\ug_scip\scipParaObjProp.h">
      <Filter>Header Files</Filter>
    </ClInclude>
    <ClInclude Include="src\ug_scip\scipParaRacingRampUpParamSet.h">
      <Filter>Header Files</Filter>
    </ClInclude>
    <ClInclude Include="src\ug_scip\scipParaRacingRampUpParamSetMpi.h">
      <Filter>Header Files</Filter>
    </ClInclude>
    <ClInclude Include="src\ug_scip\scipParaRacingRampUpParamSetTh.h">
      <Filter>Header Files</Filter>
    </ClInclude>
    <ClInclude Include="src\ug_scip\scipParaSolution.h">
      <Filter>Header Files</Filter>
    </ClInclude>
    <ClInclude Include="src\ug_scip\scipParaSolutionMpi.h">
      <Filter>Header Files</Filter>
    </ClInclude>
    <ClInclude Include="src\ug_scip\scipParaSolutionTh.h">
      <Filter>Header Files</Filter>
    </ClInclude>
    <ClInclude Include="src\ug_scip\scipParaSolver.h">
      <Filter>Header Files</Filter>
    </ClInclude>
    <ClInclude Include="src\ug_scip\scipUserPlugins.h">
      <Filter>Header Files</Filter>
    </ClInclude>
  </ItemGroup>
</Project>